
Microsoft Visual Studio Solution File, Format Version 12.00
# Visual Studio Version 17
VisualStudioVersion = 17.1.32210.238
MinimumVisualStudioVersion = 10.0.40219.1
Project("{FAE04EC0-301F-11D3-BF4B-00C04F79EFBC}") = "CesarCode", "CesarCode\CesarCode.csproj", "{9C73EBB0-5C76-41F4-8EFF-B4F1E25C6B07}"
EndProject
Global
	GlobalSection(SolutionConfigurationPlatforms) = preSolution
		Debug|Any CPU = Debug|Any CPU
		Release|Any CPU = Release|Any CPU
	EndGlobalSection
	GlobalSection(ProjectConfigurationPlatforms) = postSolution
		{9C73EBB0-5C76-41F4-8EFF-B4F1E25C6B07}.Debug|Any CPU.ActiveCfg = Debug|Any CPU
		{9C73EBB0-5C76-41F4-8EFF-B4F1E25C6B07}.Debug|Any CPU.Build.0 = Debug|Any CPU
		{9C73EBB0-5C76-41F4-8EFF-B4F1E25C6B07}.Release|Any CPU.ActiveCfg = Release|Any CPU
		{9C73EBB0-5C76-41F4-8EFF-B4F1E25C6B07}.Release|Any CPU.Build.0 = Release|Any CPU
	EndGlobalSection
	GlobalSection(SolutionProperties) = preSolution
		HideSolutionNode = FALSE
	EndGlobalSection
	GlobalSection(ExtensibilityGlobals) = postSolution
		SolutionGuid = {F3881AC0-06F5-4CED-99C8-E5D13C0915B8}
	EndGlobalSection
EndGlobal
